
Microsoft Visual Studio Solution File, Format Version 12.00
# Visual Studio 15
VisualStudioVersion = 15.0.28307.489
MinimumVisualStudioVersion = 10.0.40219.1
Project("{FAE04EC0-301F-11D3-BF4B-00C04F79EFBC}") = "Vehicle Records System", "Vehicle Records System\Vehicle Records System.csproj", "{92E9CF30-0232-4B0C-A4DF-043C3697A174}"
EndProject
Global
	GlobalSection(SolutionConfigurationPlatforms) = preSolution
		Debug|Any CPU = Debug|Any CPU
		Release|Any CPU = Release|Any CPU
	EndGlobalSection
	GlobalSection(ProjectConfigurationPlatforms) = postSolution
		{92E9CF30-0232-4B0C-A4DF-043C3697A174}.Debug|Any CPU.ActiveCfg = Debug|Any CPU
		{92E9CF30-0232-4B0C-A4DF-043C3697A174}.Debug|Any CPU.Build.0 = Debug|Any CPU
		{92E9CF30-0232-4B0C-A4DF-043C3697A174}.Release|Any CPU.ActiveCfg = Release|Any CPU
		{92E9CF30-0232-4B0C-A4DF-043C3697A174}.Release|Any CPU.Build.0 = Release|Any CPU
	EndGlobalSection
	GlobalSection(SolutionProperties) = preSolution
		HideSolutionNode = FALSE
	EndGlobalSection
	GlobalSection(ExtensibilityGlobals) = postSolution
		SolutionGuid = {B297E0DA-A590-4A00-A819-C9D443C1030D}
	EndGlobalSection
EndGlobal
